// !$*UTF8*$!
{
	archiveVersion = 1;
	classes = {
	};
	objectVersion = 50;
	objects = {

/* Begin PBXBuildFile section */
		3F5041C724D20A020081ADA2 /* AppDelegate.swift in Sources */ = {isa = PBXBuildFile; fileRef = 3F5041C624D20A020081ADA2 /* AppDelegate.swift */; };
		3F5041C924D20A020081ADA2 /* SceneDelegate.swift in Sources */ = {isa = PBXBuildFile; fileRef = 3F5041C824D20A020081ADA2 /* SceneDelegate.swift */; };
		3F5041CB24D20A020081ADA2 /* ViewController.swift in Sources */ = {isa = PBXBuildFile; fileRef = 3F5041CA24D20A020081ADA2 /* ViewController.swift */; };
		3F5041CE24D20A020081ADA2 /* Main.storyboard in Resources */ = {isa = PBXBuildFile; fileRef = 3F5041CC24D20A020081ADA2 /* Main.storyboard */; };
		3F5041D024D20A030081ADA2 /* Assets.xcassets in Resources */ = {isa = PBXBuildFile; fileRef = 3F5041CF24D20A030081ADA2 /* Assets.xcassets */; };
		3F5041D324D20A030081ADA2 /* LaunchScreen.storyboard in Resources */ = {isa = PBXBuildFile; fileRef = 3F5041D124D20A030081ADA2 /* LaunchScreen.storyboard */; };
		3F5041DE24D20A030081ADA2 /* covid19trackerTests.swift in Sources */ = {isa = PBXBuildFile; fileRef = 3F5041DD24D20A030081ADA2 /* covid19trackerTests.swift */; };
		3F5041E924D20A030081ADA2 /* covid19trackerUITests.swift in Sources */ = {isa = PBXBuildFile; fileRef = 3F5041E824D20A030081ADA2 /* covid19trackerUITests.swift */; };
/* End PBXBuildFile section */

/* Begin PBXContainerItemProxy section */
		3F5041DA24D20A030081ADA2 /* PBXContainerItemProxy */ = {
			isa = PBXContainerItemProxy;
			containerPortal = 3F5041BB24D20A020081ADA2 /* Project object */;
			proxyType = 1;
			remoteGlobalIDString = 3F5041C224D20A020081ADA2;
			remoteInfo = covid19tracker;
		};
		3F5041E524D20A030081ADA2 /* PBXContainerItemProxy */ = {
			isa = PBXContainerItemProxy;
			containerPortal = 3F5041BB24D20A020081ADA2 /* Project object */;
			proxyType = 1;
			remoteGlobalIDString = 3F5041C224D20A020081ADA2;
			remoteInfo = covid19tracker;
		};
/* End PBXContainerItemProxy section */

/* Begin PBXFileReference section */
		3F5041C324D20A020081ADA2 /* covid19tracker.app */ = {isa = PBXFileReference; explicitFileType = wrapper.application; includeInIndex = 0; path = covid19tracker.app; sourceTree = BUILT_PRODUCTS_DIR; };
		3F5041C624D20A020081ADA2 /* AppDelegate.swift */ = {isa = PBXFileReference; lastKnownFileType = sourcecode.swift; path = AppDelegate.swift; sourceTree = "<group>"; };
		3F5041C824D20A020081ADA2 /* SceneDelegate.swift */ = {isa = PBXFileReference; lastKnownFileType = sourcecode.swift; path = SceneDelegate.swift; sourceTree = "<group>"; };
		3F5041CA24D20A020081ADA2 /* ViewController.swift */ = {isa = PBXFileReference; lastKnownFileType = sourcecode.swift; path = ViewController.swift; sourceTree = "<group>"; };
		3F5041CD24D20A020081ADA2 /* Base */ = {isa = PBXFileReference; lastKnownFileType = file.storyboard; name = Base; path = Base.lproj/Main.storyboard; sourceTree = "<group>"; };
		3F5041CF24D20A030081ADA2 /* Assets.xcassets */ = {isa = PBXFileReference; lastKnownFileType = folder.assetcatalog; path = Assets.xcassets; sourceTree = "<group>"; };
		3F5041D224D20A030081ADA2 /* Base */ = {isa = PBXFileReference; lastKnownFileType = file.storyboard; name = Base; path = Base.lproj/LaunchScreen.storyboard; sourceTree = "<group>"; };
		3F5041D424D20A030081ADA2 /* Info.plist */ = {isa = PBXFileReference; lastKnownFileType = text.plist.xml; path = Info.plist; sourceTree = "<group>"; };
		3F5041D924D20A030081ADA2 /* covid19trackerTests.xctest */ = {isa = PBXFileReference; explicitFileType = wrapper.cfbundle; includeInIndex = 0; path = covid19trackerTests.xctest; sourceTree = BUILT_PRODUCTS_DIR; };
		3F5041DD24D20A030081ADA2 /* covid19trackerTests.swift */ = {isa = PBXFileReference; lastKnownFileType = sourcecode.swift; path = covid19trackerTests.swift; sourceTree = "<group>"; };
		3F5041DF24D20A030081ADA2 /* Info.plist */ = {isa = PBXFileReference; lastKnownFileType = text.plist.xml; path = Info.plist; sourceTree = "<group>"; };
		3F5041E424D20A030081ADA2 /* covid19trackerUITests.xctest */ = {isa = PBXFileReference; explicitFileType = wrapper.cfbundle; includeInIndex = 0; path = covid19trackerUITests.xctest; sourceTree = BUILT_PRODUCTS_DIR; };
		3F5041E824D20A030081ADA2 /* covid19trackerUITests.swift */ = {isa = PBXFileReference; lastKnownFileType = sourcecode.swift; path = covid19trackerUITests.swift; sourceTree = "<group>"; };
		3F5041EA24D20A030081ADA2 /* Info.plist */ = {isa = PBXFileReference; lastKnownFileType = text.plist.xml; path = Info.plist; sourceTree = "<group>"; };
/* End PBXFileReference section */

/* Begin PBXFrameworksBuildPhase section */
		3F5041C024D20A020081ADA2 /* Frameworks */ = {
			isa = PBXFrameworksBuildPhase;
			buildActionMask = 2147483647;
			files = (
			);
			runOnlyForDeploymentPostprocessing = 0;
		};
		3F5041D624D20A030081ADA2 /* Frameworks */ = {
			isa = PBXFrameworksBuildPhase;
			buildActionMask = 2147483647;
			files = (
			);
			runOnlyForDeploymentPostprocessing = 0;
		};
		3F5041E124D20A030081ADA2 /* Frameworks */ = {
			isa = PBXFrameworksBuildPhase;
			buildActionMask = 2147483647;
			files = (
			);
			runOnlyForDeploymentPostprocessing = 0;
		};
/* End PBXFrameworksBuildPhase section */

/* Begin PBXGroup section */
		3F5041BA24D20A020081ADA2 = {
			isa = PBXGroup;
			children = (
				3F5041C524D20A020081ADA2 /* covid19tracker */,
				3F5041DC24D20A030081ADA2 /* covid19trackerTests */,
				3F5041E724D20A030081ADA2 /* covid19trackerUITests */,
				3F5041C424D20A020081ADA2 /* Products */,
			);
			sourceTree = "<group>";
		};
		3F5041C424D20A020081ADA2 /* Products */ = {
			isa = PBXGroup;
			children = (
				3F5041C324D20A020081ADA2 /* covid19tracker.app */,
				3F5041D924D20A030081ADA2 /* covid19trackerTests.xctest */,
				3F5041E424D20A030081ADA2 /* covid19trackerUITests.xctest */,
			);
			name = Products;
			sourceTree = "<group>";
		};
		3F5041C524D20A020081ADA2 /* covid19tracker */ = {
			isa = PBXGroup;
			children = (
				3F5041C624D20A020081ADA2 /* AppDelegate.swift */,
				3F5041C824D20A020081ADA2 /* SceneDelegate.swift */,
				3F5041CA24D20A020081ADA2 /* ViewController.swift */,
				3F5041CC24D20A020081ADA2 /* Main.storyboard */,
				3F5041CF24D20A030081ADA2 /* Assets.xcassets */,
				3F5041D124D20A030081ADA2 /* LaunchScreen.storyboard */,
				3F5041D424D20A030081ADA2 /* Info.plist */,
			);
			path = covid19tracker;
			sourceTree = "<group>";
		};
		3F5041DC24D20A030081ADA2 /* covid19trackerTests */ = {
			isa = PBXGroup;
			children = (
				3F5041DD24D20A030081ADA2 /* covid19trackerTests.swift */,
				3F5041DF24D20A030081ADA2 /* Info.plist */,
			);
			path = covid19trackerTests;
			sourceTree = "<group>";
		};
		3F5041E724D20A030081ADA2 /* covid19trackerUITests */ = {
			isa = PBXGroup;
			children = (
				3F5041E824D20A030081ADA2 /* covid19trackerUITests.swift */,
				3F5041EA24D20A030081ADA2 /* Info.plist */,
			);
			path = covid19trackerUITests;
			sourceTree = "<group>";
		};
/* End PBXGroup section */

/* Begin PBXNativeTarget section */
		3F5041C224D20A020081ADA2 /* covid19tracker */ = {
			isa = PBXNativeTarget;
			buildConfigurationList = 3F5041ED24D20A030081ADA2 /* Build configuration list for PBXNativeTarget "covid19tracker" */;
			buildPhases = (
				3F5041BF24D20A020081ADA2 /* Sources */,
				3F5041C024D20A020081ADA2 /* Frameworks */,
				3F5041C124D20A020081ADA2 /* Resources */,
			);
			buildRules = (
			);
			dependencies = (
			);
			name = covid19tracker;
			productName = covid19tracker;
			productReference = 3F5041C324D20A020081ADA2 /* covid19tracker.app */;
			productType = "com.apple.product-type.application";
		};
		3F5041D824D20A030081ADA2 /* covid19trackerTests */ = {
			isa = PBXNativeTarget;
			buildConfigurationList = 3F5041F024D20A030081ADA2 /* Build configuration list for PBXNativeTarget "covid19trackerTests" */;
			buildPhases = (
				3F5041D524D20A030081ADA2 /* Sources */,
				3F5041D624D20A030081ADA2 /* Frameworks */,
				3F5041D724D20A030081ADA2 /* Resources */,
			);
			buildRules = (
			);
			dependencies = (
				3F5041DB24D20A030081ADA2 /* PBXTargetDependency */,
			);
			name = covid19trackerTests;
			productName = covid19trackerTests;
			productReference = 3F5041D924D20A030081ADA2 /* covid19trackerTests.xctest */;
			productType = "com.apple.product-type.bundle.unit-test";
		};
		3F5041E324D20A030081ADA2 /* covid19trackerUITests */ = {
			isa = PBXNativeTarget;
			buildConfigurationList = 3F5041F324D20A030081ADA2 /* Build configuration list for PBXNativeTarget "covid19trackerUITests" */;
			buildPhases = (
				3F5041E024D20A030081ADA2 /* Sources */,
				3F5041E124D20A030081ADA2 /* Frameworks */,
				3F5041E224D20A030081ADA2 /* Resources */,
			);
			buildRules = (
			);
			dependencies = (
				3F5041E624D20A030081ADA2 /* PBXTargetDependency */,
			);
			name = covid19trackerUITests;
			productName = covid19trackerUITests;
			productReference = 3F5041E424D20A030081ADA2 /* covid19trackerUITests.xctest */;
			productType = "com.apple.product-type.bundle.ui-testing";
		};
/* End PBXNativeTarget section */

/* Begin PBXProject section */
		3F5041BB24D20A020081ADA2 /* Project object */ = {
			isa = PBXProject;
			attributes = {
				LastSwiftUpdateCheck = 1150;
				LastUpgradeCheck = 1150;
				ORGANIZATIONNAME = Student;
				TargetAttributes = {
					3F5041C224D20A020081ADA2 = {
						CreatedOnToolsVersion = 11.5;
					};
					3F5041D824D20A030081ADA2 = {
						CreatedOnToolsVersion = 11.5;
						TestTargetID = 3F5041C224D20A020081ADA2;
					};
					3F5041E324D20A030081ADA2 = {
						CreatedOnToolsVersion = 11.5;
						TestTargetID = 3F5041C224D20A020081ADA2;
					};
				};
			};
			buildConfigurationList = 3F5041BE24D20A020081ADA2 /* Build configuration list for PBXProject "covid19tracker" */;
			compatibilityVersion = "Xcode 9.3";
			developmentRegion = en;
			hasScannedForEncodings = 0;
			knownRegions = (
				en,
				Base,
			);
			mainGroup = 3F5041BA24D20A020081ADA2;
			productRefGroup = 3F5041C424D20A020081ADA2 /* Products */;
			projectDirPath = "";
			projectRoot = "";
			targets = (
				3F5041C224D20A020081ADA2 /* covid19tracker */,
				3F5041D824D20A030081ADA2 /* covid19trackerTests */,
				3F5041E324D20A030081ADA2 /* covid19trackerUITests */,
			);
		};
/* End PBXProject section */

/* Begin PBXResourcesBuildPhase section */
		3F5041C124D20A020081ADA2 /* Resources */ = {
			isa = PBXResourcesBuildPhase;
			buildActionMask = 2147483647;
			files = (
				3F5041D324D20A030081ADA2 /* LaunchScreen.storyboard in Resources */,
				3F5041D024D20A030081ADA2 /* Assets.xcassets in Resources */,
				3F5041CE24D20A020081ADA2 /* Main.storyboard in Resources */,
			);
			runOnlyForDeploymentPostprocessing = 0;
		};
		3F5041D724D20A030081ADA2 /* Resources */ = {
			isa = PBXResourcesBuildPhase;
			buildActionMask = 2147483647;
			files = (
			);
			runOnlyForDeploymentPostprocessing = 0;
		};
		3F5041E224D20A030081ADA2 /* Resources */ = {
			isa = PBXResourcesBuildPhase;
			buildActionMask = 2147483647;
			files = (
			);
			runOnlyForDeploymentPostprocessing = 0;
		};
/* End PBXResourcesBuildPhase section */

/* Begin PBXSourcesBuildPhase section */
		3F5041BF24D20A020081ADA2 /* Sources */ = {
			isa = PBXSourcesBuildPhase;
			buildActionMask = 2147483647;
			files = (
				3F5041CB24D20A020081ADA2 /* ViewController.swift in Sources */,
				3F5041C724D20A020081ADA2 /* AppDelegate.swift in Sources */,
				3F5041C924D20A020081ADA2 /* SceneDelegate.swift in Sources */,
			);
			runOnlyForDeploymentPostprocessing = 0;
		};
		3F5041D524D20A030081ADA2 /* Sources */ = {
			isa = PBXSourcesBuildPhase;
			buildActionMask = 2147483647;
			files = (
				3F5041DE24D20A030081ADA2 /* covid19trackerTests.swift in Sources */,
			);
			runOnlyForDeploymentPostprocessing = 0;
		};
		3F5041E024D20A030081ADA2 /* Sources */ = {
			isa = PBXSourcesBuildPhase;
			buildActionMask = 2147483647;
			files = (
				3F5041E924D20A030081ADA2 /* covid19trackerUITests.swift in Sources */,
			);
			runOnlyForDeploymentPostprocessing = 0;
		};
/* End PBXSourcesBuildPhase section */

/* Begin PBXTargetDependency section */
		3F5041DB24D20A030081ADA2 /* PBXTargetDependency */ = {
			isa = PBXTargetDependency;
			target = 3F5041C224D20A020081ADA2 /* covid19tracker */;
			targetProxy = 3F5041DA24D20A030081ADA2 /* PBXContainerItemProxy */;
		};
		3F5041E624D20A030081ADA2 /* PBXTargetDependency */ = {
			isa = PBXTargetDependency;
			target = 3F5041C224D20A020081ADA2 /* covid19tracker */;
			targetProxy = 3F5041E524D20A030081ADA2 /* PBXContainerItemProxy */;
		};
/* End PBXTargetDependency section */

/* Begin PBXVariantGroup section */
		3F5041CC24D20A020081ADA2 /* Main.storyboard */ = {
			isa = PBXVariantGroup;
			children = (
				3F5041CD24D20A020081ADA2 /* Base */,
			);
			name = Main.storyboard;
			sourceTree = "<group>";
		};
		3F5041D124D20A030081ADA2 /* LaunchScreen.storyboard */ = {
			isa = PBXVariantGroup;
			children = (
				3F5041D224D20A030081ADA2 /* Base */,
			);
			name = LaunchScreen.storyboard;
			sourceTree = "<group>";
		};
/* End PBXVariantGroup section */

/* Begin XCBuildConfiguration section */
		3F5041EB24D20A030081ADA2 /* Debug */ = {
			isa = XCBuildConfiguration;
			buildSettings = {
				ALWAYS_SEARCH_USER_PATHS = NO;
				CLANG_ANALYZER_NONNULL = YES;
				CLANG_ANALYZER_NUMBER_OBJECT_CONVERSION = YES_AGGRESSIVE;
				CLANG_CXX_LANGUAGE_STANDARD = "gnu++14";
				CLANG_CXX_LIBRARY = "libc++";
				CLANG_ENABLE_MODULES = YES;
				CLANG_ENABLE_OBJC_ARC = YES;
				CLANG_ENABLE_OBJC_WEAK = YES;
				CLANG_WARN_BLOCK_CAPTURE_AUTORELEASING = YES;
				CLANG_WARN_BOOL_CONVERSION = YES;
				CLANG_WARN_COMMA = YES;
				CLANG_WARN_CONSTANT_CONVERSION = YES;
				CLANG_WARN_DEPRECATED_OBJC_IMPLEMENTATIONS = YES;
				CLANG_WARN_DIRECT_OBJC_ISA_USAGE = YES_ERROR;
				CLANG_WARN_DOCUMENTATION_COMMENTS = YES;
				CLANG_WARN_EMPTY_BODY = YES;
				CLANG_WARN_ENUM_CONVERSION = YES;
				CLANG_WARN_INFINITE_RECURSION = YES;
				CLANG_WARN_INT_CONVERSION = YES;
				CLANG_WARN_NON_LITERAL_NULL_CONVERSION = YES;
				CLANG_WARN_OBJC_IMPLICIT_RETAIN_SELF = YES;
				CLANG_WARN_OBJC_LITERAL_CONVERSION = YES;
				CLANG_WARN_OBJC_ROOT_CLASS = YES_ERROR;
				CLANG_WARN_RANGE_LOOP_ANALYSIS = YES;
				CLANG_WARN_STRICT_PROTOTYPES = YES;
				CLANG_WARN_SUSPICIOUS_MOVE = YES;
				CLANG_WARN_UNGUARDED_AVAILABILITY = YES_AGGRESSIVE;
				CLANG_WARN_UNREACHABLE_CODE = YES;
				CLANG_WARN__DUPLICATE_METHOD_MATCH = YES;
				COPY_PHASE_STRIP = NO;
				DEBUG_INFORMATION_FORMAT = dwarf;
				ENABLE_STRICT_OBJC_MSGSEND = YES;
				ENABLE_TESTABILITY = YES;
				GCC_C_LANGUAGE_STANDARD = gnu11;
				GCC_DYNAMIC_NO_PIC = NO;
				GCC_NO_COMMON_BLOCKS = YES;
				GCC_OPTIMIZATION_LEVEL = 0;
				GCC_PREPROCESSOR_DEFINITIONS = (
					"DEBUG=1",
					"$(inherited)",
				);
				GCC_WARN_64_TO_32_BIT_CONVERSION = YES;
				GCC_WARN_ABOUT_RETURN_TYPE = YES_ERROR;
				GCC_WARN_UNDECLARED_SELECTOR = YES;
				GCC_WARN_UNINITIALIZED_AUTOS = YES_AGGRESSIVE;
				GCC_WARN_UNUSED_FUNCTION = YES;
				GCC_WARN_UNUSED_VARIABLE = YES;
				IPHONEOS_DEPLOYMENT_TARGET = 13.5;
				MTL_ENABLE_DEBUG_INFO = INCLUDE_SOURCE;
				MTL_FAST_MATH = YES;
				ONLY_ACTIVE_ARCH = YES;
				SDKROOT = iphoneos;
				SWIFT_ACTIVE_COMPILATION_CONDITIONS = DEBUG;
				SWIFT_OPTIMIZATION_LEVEL = "-Onone";
			};
			name = Debug;
		};
		3F5041EC24D20A030081ADA2 /* Release */ = {
			isa = XCBuildConfiguration;
			buildSettings = {
				ALWAYS_SEARCH_USER_PATHS = NO;
				CLANG_ANALYZER_NONNULL = YES;
				CLANG_ANALYZER_NUMBER_OBJECT_CONVERSION = YES_AGGRESSIVE;
				CLANG_CXX_LANGUAGE_STANDARD = "gnu++14";
				CLANG_CXX_LIBRARY = "libc++";
				CLANG_ENABLE_MODULES = YES;
				CLANG_ENABLE_OBJC_ARC = YES;
				CLANG_ENABLE_OBJC_WEAK = YES;
				CLANG_WARN_BLOCK_CAPTURE_AUTORELEASING = YES;
				CLANG_WARN_BOOL_CONVERSION = YES;
				CLANG_WARN_COMMA = YES;
				CLANG_WARN_CONSTANT_CONVERSION = YES;
				CLANG_WARN_DEPRECATED_OBJC_IMPLEMENTATIONS = YES;
				CLANG_WARN_DIRECT_OBJC_ISA_USAGE = YES_ERROR;
				CLANG_WARN_DOCUMENTATION_COMMENTS = YES;
				CLANG_WARN_EMPTY_BODY = YES;
				CLANG_WARN_ENUM_CONVERSION = YES;
				CLANG_WARN_INFINITE_RECURSION = YES;
				CLANG_WARN_INT_CONVERSION = YES;
				CLANG_WARN_NON_LITERAL_NULL_CONVERSION = YES;
				CLANG_WARN_OBJC_IMPLICIT_RETAIN_SELF = YES;
				CLANG_WARN_OBJC_LITERAL_CONVERSION = YES;
				CLANG_WARN_OBJC_ROOT_CLASS = YES_ERROR;
				CLANG_WARN_RANGE_LOOP_ANALYSIS = YES;
				CLANG_WARN_STRICT_PROTOTYPES = YES;
				CLANG_WARN_SUSPICIOUS_MOVE = YES;
				CLANG_WARN_UNGUARDED_AVAILABILITY = YES_AGGRESSIVE;
				CLANG_WARN_UNREACHABLE_CODE = YES;
				CLANG_WARN__DUPLICATE_METHOD_MATCH = YES;
				COPY_PHASE_STRIP = NO;
				DEBUG_INFORMATION_FORMAT = "dwarf-with-dsym";
				ENABLE_NS_ASSERTIONS = NO;
				ENABLE_STRICT_OBJC_MSGSEND = YES;
				GCC_C_LANGUAGE_STANDARD = gnu11;
				GCC_NO_COMMON_BLOCKS = YES;
				GCC_WARN_64_TO_32_BIT_CONVERSION = YES;
				GCC_WARN_ABOUT_RETURN_TYPE = YES_ERROR;
				GCC_WARN_UNDECLARED_SELECTOR = YES;
				GCC_WARN_UNINITIALIZED_AUTOS = YES_AGGRESSIVE;
				GCC_WARN_UNUSED_FUNCTION = YES;
				GCC_WARN_UNUSED_VARIABLE = YES;
				IPHONEOS_DEPLOYMENT_TARGET = 13.5;
				MTL_ENABLE_DEBUG_INFO = NO;
				MTL_FAST_MATH = YES;
				SDKROOT = iphoneos;
				SWIFT_COMPILATION_MODE = wholemodule;
				SWIFT_OPTIMIZATION_LEVEL = "-O";
				VALIDATE_PRODUCT = YES;
			};
			name = Release;
		};
		3F5041EE24D20A030081ADA2 /* Debug */ = {
			isa = XCBuildConfiguration;
			buildSettings = {
				ASSETCATALOG_COMPILER_APPICON_NAME = AppIcon;
				CODE_SIGN_STYLE = Automatic;
				DEVELOPMENT_TEAM = 83XV99CC9X;
				INFOPLIST_FILE = covid19tracker/Info.plist;
				LD_RUNPATH_SEARCH_PATHS = (
					"$(inherited)",
					"@executable_path/Frameworks",
				);
				PRODUCT_BUNDLE_IDENTIFIER = com.student.covid19tracker;
				PRODUCT_NAME = "$(TARGET_NAME)";
				SWIFT_VERSION = 5.0;
				TARGETED_DEVICE_FAMILY = "1,2";
			};
			name = Debug;
		};
		3F5041EF24D20A030081ADA2 /* Release */ = {
			isa = XCBuildConfiguration;
			buildSettings = {
				ASSETCATALOG_COMPILER_APPICON_NAME = AppIcon;
				CODE_SIGN_STYLE = Automatic;
				DEVELOPMENT_TEAM = 83XV99CC9X;
				INFOPLIST_FILE = covid19tracker/Info.plist;
				LD_RUNPATH_SEARCH_PATHS = (
					"$(inherited)",
					"@executable_path/Frameworks",
				);
				PRODUCT_BUNDLE_IDENTIFIER = com.student.covid19tracker;
				PRODUCT_NAME = "$(TARGET_NAME)";
				SWIFT_VERSION = 5.0;
				TARGETED_DEVICE_FAMILY = "1,2";
			};
			name = Release;
		};
		3F5041F124D20A030081ADA2 /* Debug */ = {
			isa = XCBuildConfiguration;
			buildSettings = {
				ALWAYS_EMBED_SWIFT_STANDARD_LIBRARIES = YES;
				BUNDLE_LOADER = "$(TEST_HOST)";
				CODE_SIGN_STYLE = Automatic;
				DEVELOPMENT_TEAM = 83XV99CC9X;
				INFOPLIST_FILE = covid19trackerTests/Info.plist;
				IPHONEOS_DEPLOYMENT_TARGET = 13.5;
				LD_RUNPATH_SEARCH_PATHS = (
					"$(inherited)",
					"@executable_path/Frameworks",
					"@loader_path/Frameworks",
				);
				PRODUCT_BUNDLE_IDENTIFIER = com.student.covid19trackerTests;
				PRODUCT_NAME = "$(TARGET_NAME)";
				SWIFT_VERSION = 5.0;
				TARGETED_DEVICE_FAMILY = "1,2";
				TEST_HOST = "$(BUILT_PRODUCTS_DIR)/covid19tracker.app/covid19tracker";
			};
			name = Debug;
		};
		3F5041F224D20A030081ADA2 /* Release */ = {
			isa = XCBuildConfiguration;
			buildSettings = {
				ALWAYS_EMBED_SWIFT_STANDARD_LIBRARIES = YES;
				BUNDLE_LOADER = "$(TEST_HOST)";
				CODE_SIGN_STYLE = Automatic;
				DEVELOPMENT_TEAM = 83XV99CC9X;
				INFOPLIST_FILE = covid19trackerTests/Info.plist;
				IPHONEOS_DEPLOYMENT_TARGET = 13.5;
				LD_RUNPATH_SEARCH_PATHS = (
					"$(inherited)",
					"@executable_path/Frameworks",
					"@loader_path/Frameworks",
				);
				PRODUCT_BUNDLE_IDENTIFIER = com.student.covid19trackerTests;
				PRODUCT_NAME = "$(TARGET_NAME)";
				SWIFT_VERSION = 5.0;
				TARGETED_DEVICE_FAMILY = "1,2";
				TEST_HOST = "$(BUILT_PRODUCTS_DIR)/covid19tracker.app/covid19tracker";
			};
			name = Release;
		};
		3F5041F424D20A030081ADA2 /* Debug */ = {
			isa = XCBuildConfiguration;
			buildSettings = {
				ALWAYS_EMBED_SWIFT_STANDARD_LIBRARIES = YES;
				CODE_SIGN_STYLE = Automatic;
				DEVELOPMENT_TEAM = 83XV99CC9X;
				INFOPLIST_FILE = covid19trackerUITests/Info.plist;
				LD_RUNPATH_SEARCH_PATHS = (
					"$(inherited)",
					"@executable_path/Frameworks",
					"@loader_path/Frameworks",
				);
				PRODUCT_BUNDLE_IDENTIFIER = com.student.covid19trackerUITests;
				PRODUCT_NAME = "$(TARGET_NAME)";
				SWIFT_VERSION = 5.0;
				TARGETED_DEVICE_FAMILY = "1,2";
				TEST_TARGET_NAME = covid19tracker;
			};
			name = Debug;
		};
		3F5041F524D20A030081ADA2 /* Release */ = {
			isa = XCBuildConfiguration;
			buildSettings = {
				ALWAYS_EMBED_SWIFT_STANDARD_LIBRARIES = YES;
				CODE_SIGN_STYLE = Automatic;
				DEVELOPMENT_TEAM = 83XV99CC9X;
				INFOPLIST_FILE = covid19trackerUITests/Info.plist;
				LD_RUNPATH_SEARCH_PATHS = (
					"$(inherited)",
					"@executable_path/Frameworks",
					"@loader_path/Frameworks",
				);
				PRODUCT_BUNDLE_IDENTIFIER = com.student.covid19trackerUITests;
				PRODUCT_NAME = "$(TARGET_NAME)";
				SWIFT_VERSION = 5.0;
				TARGETED_DEVICE_FAMILY = "1,2";
				TEST_TARGET_NAME = covid19tracker;
			};
			name = Release;
		};
/* End XCBuildConfiguration section */

/* Begin XCConfigurationList section */
		3F5041BE24D20A020081ADA2 /* Build configuration list for PBXProject "covid19tracker" */ = {
			isa = XCConfigurationList;
			buildConfigurations = (
				3F5041EB24D20A030081ADA2 /* Debug */,
				3F5041EC24D20A030081ADA2 /* Release */,
			);
			defaultConfigurationIsVisible = 0;
			defaultConfigurationName = Release;
		};
		3F5041ED24D20A030081ADA2 /* Build configuration list for PBXNativeTarget "covid19tracker" */ = {
			isa = XCConfigurationList;
			buildConfigurations = (
				3F5041EE24D20A030081ADA2 /* Debug */,
				3F5041EF24D20A030081ADA2 /* Release */,
			);
			defaultConfigurationIsVisible = 0;
			defaultConfigurationName = Release;
		};
		3F5041F024D20A030081ADA2 /* Build configuration list for PBXNativeTarget "covid19trackerTests" */ = {
			isa = XCConfigurationList;
			buildConfigurations = (
				3F5041F124D20A030081ADA2 /* Debug */,
				3F5041F224D20A030081ADA2 /* Release */,
			);
			defaultConfigurationIsVisible = 0;
			defaultConfigurationName = Release;
		};
		3F5041F324D20A030081ADA2 /* Build configuration list for PBXNativeTarget "covid19trackerUITests" */ = {
			isa = XCConfigurationList;
			buildConfigurations = (
				3F5041F424D20A030081ADA2 /* Debug */,
				3F5041F524D20A030081ADA2 /* Release */,
			);
			defaultConfigurationIsVisible = 0;
			defaultConfigurationName = Release;
		};
/* End XCConfigurationList section */
	};
	rootObject = 3F5041BB24D20A020081ADA2 /* Project object */;
}
